
Microsoft Visual Studio Solution File, Format Version 12.00
# Visual Studio 15
VisualStudioVersion = 15.0.28010.2016
MinimumVisualStudioVersion = 10.0.40219.1
Project("{FAE04EC0-301F-11D3-BF4B-00C04F79EFBC}") = "Mod3_Lab1", "Mod3_Lab1\Mod3_Lab1.csproj", "{823E2407-49D5-477D-ADFE-9B913442A008}"
EndProject
Global
	GlobalSection(SolutionConfigurationPlatforms) = preSolution
		Debug|Any CPU = Debug|Any CPU
		Release|Any CPU = Release|Any CPU
	EndGlobalSection
	GlobalSection(ProjectConfigurationPlatforms) = postSolution
		{823E2407-49D5-477D-ADFE-9B913442A008}.Debug|Any CPU.ActiveCfg = Debug|Any CPU
		{823E2407-49D5-477D-ADFE-9B913442A008}.Debug|Any CPU.Build.0 = Debug|Any CPU
		{823E2407-49D5-477D-ADFE-9B913442A008}.Release|Any CPU.ActiveCfg = Release|Any CPU
		{823E2407-49D5-477D-ADFE-9B913442A008}.Release|Any CPU.Build.0 = Release|Any CPU
	EndGlobalSection
	GlobalSection(SolutionProperties) = preSolution
		HideSolutionNode = FALSE
	EndGlobalSection
	GlobalSection(ExtensibilityGlobals) = postSolution
		SolutionGuid = {3E836ADD-2777-4730-88B1-7EEF5A9926C7}
	EndGlobalSection
EndGlobal
