
Microsoft Visual Studio Solution File, Format Version 12.00
# Visual Studio 15
VisualStudioVersion = 15.0.28010.2016
MinimumVisualStudioVersion = 10.0.40219.1
Project("{FAE04EC0-301F-11D3-BF4B-00C04F79EFBC}") = "Mod1_BubbleSort", "Mod1_BubbleSort\Mod1_BubbleSort.csproj", "{0627A28E-1913-46AD-ADCB-6A3A28E109BA}"
EndProject
Global
	GlobalSection(SolutionConfigurationPlatforms) = preSolution
		Debug|Any CPU = Debug|Any CPU
		Release|Any CPU = Release|Any CPU
	EndGlobalSection
	GlobalSection(ProjectConfigurationPlatforms) = postSolution
		{0627A28E-1913-46AD-ADCB-6A3A28E109BA}.Debug|Any CPU.ActiveCfg = Debug|Any CPU
		{0627A28E-1913-46AD-ADCB-6A3A28E109BA}.Debug|Any CPU.Build.0 = Debug|Any CPU
		{0627A28E-1913-46AD-ADCB-6A3A28E109BA}.Release|Any CPU.ActiveCfg = Release|Any CPU
		{0627A28E-1913-46AD-ADCB-6A3A28E109BA}.Release|Any CPU.Build.0 = Release|Any CPU
	EndGlobalSection
	GlobalSection(SolutionProperties) = preSolution
		HideSolutionNode = FALSE
	EndGlobalSection
	GlobalSection(ExtensibilityGlobals) = postSolution
		SolutionGuid = {8FD08C73-9E52-460A-9E1F-B13374B3267F}
	EndGlobalSection
EndGlobal
