
Microsoft Visual Studio Solution File, Format Version 12.00
# Visual Studio 15
VisualStudioVersion = 15.0.28010.2016
MinimumVisualStudioVersion = 10.0.40219.1
Project("{FAE04EC0-301F-11D3-BF4B-00C04F79EFBC}") = "Mod1_TutLab3", "Mod1_TutLab3\Mod1_TutLab3.csproj", "{06062FD7-3FB9-4486-9D9D-ECD4085B4C47}"
EndProject
Global
	GlobalSection(SolutionConfigurationPlatforms) = preSolution
		Debug|Any CPU = Debug|Any CPU
		Release|Any CPU = Release|Any CPU
	EndGlobalSection
	GlobalSection(ProjectConfigurationPlatforms) = postSolution
		{06062FD7-3FB9-4486-9D9D-ECD4085B4C47}.Debug|Any CPU.ActiveCfg = Debug|Any CPU
		{06062FD7-3FB9-4486-9D9D-ECD4085B4C47}.Debug|Any CPU.Build.0 = Debug|Any CPU
		{06062FD7-3FB9-4486-9D9D-ECD4085B4C47}.Release|Any CPU.ActiveCfg = Release|Any CPU
		{06062FD7-3FB9-4486-9D9D-ECD4085B4C47}.Release|Any CPU.Build.0 = Release|Any CPU
	EndGlobalSection
	GlobalSection(SolutionProperties) = preSolution
		HideSolutionNode = FALSE
	EndGlobalSection
	GlobalSection(ExtensibilityGlobals) = postSolution
		SolutionGuid = {93D044F5-D512-487A-9B83-125D426DCCAB}
	EndGlobalSection
EndGlobal
