
Microsoft Visual Studio Solution File, Format Version 12.00
# Visual Studio 15
VisualStudioVersion = 15.0.28010.2016
MinimumVisualStudioVersion = 10.0.40219.1
Project("{FAE04EC0-301F-11D3-BF4B-00C04F79EFBC}") = "Mod1_TutLab1", "Mod1_TutLab1\Mod1_TutLab1.csproj", "{389675EE-3E32-4C93-83CC-E817E90FB120}"
EndProject
Global
	GlobalSection(SolutionConfigurationPlatforms) = preSolution
		Debug|Any CPU = Debug|Any CPU
		Release|Any CPU = Release|Any CPU
	EndGlobalSection
	GlobalSection(ProjectConfigurationPlatforms) = postSolution
		{389675EE-3E32-4C93-83CC-E817E90FB120}.Debug|Any CPU.ActiveCfg = Debug|Any CPU
		{389675EE-3E32-4C93-83CC-E817E90FB120}.Debug|Any CPU.Build.0 = Debug|Any CPU
		{389675EE-3E32-4C93-83CC-E817E90FB120}.Release|Any CPU.ActiveCfg = Release|Any CPU
		{389675EE-3E32-4C93-83CC-E817E90FB120}.Release|Any CPU.Build.0 = Release|Any CPU
	EndGlobalSection
	GlobalSection(SolutionProperties) = preSolution
		HideSolutionNode = FALSE
	EndGlobalSection
	GlobalSection(ExtensibilityGlobals) = postSolution
		SolutionGuid = {1F30ACE8-0D5B-48BB-AAC4-FAC12DD7005A}
	EndGlobalSection
EndGlobal
