
Microsoft Visual Studio Solution File, Format Version 12.00
# Visual Studio 15
VisualStudioVersion = 15.0.28010.2019
MinimumVisualStudioVersion = 10.0.40219.1
Project("{FAE04EC0-301F-11D3-BF4B-00C04F79EFBC}") = "C2DataE3", "C2DataE3\C2DataE3.csproj", "{6FD950C1-517C-4348-B8FE-6702F0D72586}"
EndProject
Global
	GlobalSection(SolutionConfigurationPlatforms) = preSolution
		Debug|Any CPU = Debug|Any CPU
		Release|Any CPU = Release|Any CPU
	EndGlobalSection
	GlobalSection(ProjectConfigurationPlatforms) = postSolution
		{6FD950C1-517C-4348-B8FE-6702F0D72586}.Debug|Any CPU.ActiveCfg = Debug|Any CPU
		{6FD950C1-517C-4348-B8FE-6702F0D72586}.Debug|Any CPU.Build.0 = Debug|Any CPU
		{6FD950C1-517C-4348-B8FE-6702F0D72586}.Release|Any CPU.ActiveCfg = Release|Any CPU
		{6FD950C1-517C-4348-B8FE-6702F0D72586}.Release|Any CPU.Build.0 = Release|Any CPU
	EndGlobalSection
	GlobalSection(SolutionProperties) = preSolution
		HideSolutionNode = FALSE
	EndGlobalSection
	GlobalSection(ExtensibilityGlobals) = postSolution
		SolutionGuid = {F48CCF97-45F9-4EEA-9E95-EFEE4BD92988}
	EndGlobalSection
EndGlobal
