
Microsoft Visual Studio Solution File, Format Version 12.00
# Visual Studio 15
VisualStudioVersion = 15.0.27703.2042
MinimumVisualStudioVersion = 10.0.40219.1
Project("{FAE04EC0-301F-11D3-BF4B-00C04F79EFBC}") = "Mod4_TutLab1", "Mod4_TutLab1\Mod4_TutLab1.csproj", "{7F96EDF6-2870-4F90-9CC7-8E962E58BDE8}"
EndProject
Global
	GlobalSection(SolutionConfigurationPlatforms) = preSolution
		Debug|Any CPU = Debug|Any CPU
		Release|Any CPU = Release|Any CPU
	EndGlobalSection
	GlobalSection(ProjectConfigurationPlatforms) = postSolution
		{7F96EDF6-2870-4F90-9CC7-8E962E58BDE8}.Debug|Any CPU.ActiveCfg = Debug|Any CPU
		{7F96EDF6-2870-4F90-9CC7-8E962E58BDE8}.Debug|Any CPU.Build.0 = Debug|Any CPU
		{7F96EDF6-2870-4F90-9CC7-8E962E58BDE8}.Release|Any CPU.ActiveCfg = Release|Any CPU
		{7F96EDF6-2870-4F90-9CC7-8E962E58BDE8}.Release|Any CPU.Build.0 = Release|Any CPU
	EndGlobalSection
	GlobalSection(SolutionProperties) = preSolution
		HideSolutionNode = FALSE
	EndGlobalSection
	GlobalSection(ExtensibilityGlobals) = postSolution
		SolutionGuid = {A4669F5C-BCB1-4B71-914F-CFA6CA919FFC}
	EndGlobalSection
EndGlobal
