
Microsoft Visual Studio Solution File, Format Version 12.00
# Visual Studio 15
VisualStudioVersion = 15.0.27703.2042
MinimumVisualStudioVersion = 10.0.40219.1
Project("{FAE04EC0-301F-11D3-BF4B-00C04F79EFBC}") = "Mod3_TutLab1", "Mod3_TutLab1\Mod3_TutLab1.csproj", "{71C69645-ADFA-4C23-BFE8-D92BE82E4036}"
EndProject
Global
	GlobalSection(SolutionConfigurationPlatforms) = preSolution
		Debug|Any CPU = Debug|Any CPU
		Release|Any CPU = Release|Any CPU
	EndGlobalSection
	GlobalSection(ProjectConfigurationPlatforms) = postSolution
		{71C69645-ADFA-4C23-BFE8-D92BE82E4036}.Debug|Any CPU.ActiveCfg = Debug|Any CPU
		{71C69645-ADFA-4C23-BFE8-D92BE82E4036}.Debug|Any CPU.Build.0 = Debug|Any CPU
		{71C69645-ADFA-4C23-BFE8-D92BE82E4036}.Release|Any CPU.ActiveCfg = Release|Any CPU
		{71C69645-ADFA-4C23-BFE8-D92BE82E4036}.Release|Any CPU.Build.0 = Release|Any CPU
	EndGlobalSection
	GlobalSection(SolutionProperties) = preSolution
		HideSolutionNode = FALSE
	EndGlobalSection
	GlobalSection(ExtensibilityGlobals) = postSolution
		SolutionGuid = {6D7BE626-CE76-4314-A585-EBBC09112D49}
	EndGlobalSection
EndGlobal
