
Microsoft Visual Studio Solution File, Format Version 12.00
# Visual Studio 15
VisualStudioVersion = 15.0.28010.2016
MinimumVisualStudioVersion = 10.0.40219.1
Project("{FAE04EC0-301F-11D3-BF4B-00C04F79EFBC}") = "Mod1_Lab3", "Mod1_Lab3\Mod1_Lab3.csproj", "{AB212704-5219-46F5-9F74-BA0505934280}"
EndProject
Global
	GlobalSection(SolutionConfigurationPlatforms) = preSolution
		Debug|Any CPU = Debug|Any CPU
		Release|Any CPU = Release|Any CPU
	EndGlobalSection
	GlobalSection(ProjectConfigurationPlatforms) = postSolution
		{AB212704-5219-46F5-9F74-BA0505934280}.Debug|Any CPU.ActiveCfg = Debug|Any CPU
		{AB212704-5219-46F5-9F74-BA0505934280}.Debug|Any CPU.Build.0 = Debug|Any CPU
		{AB212704-5219-46F5-9F74-BA0505934280}.Release|Any CPU.ActiveCfg = Release|Any CPU
		{AB212704-5219-46F5-9F74-BA0505934280}.Release|Any CPU.Build.0 = Release|Any CPU
	EndGlobalSection
	GlobalSection(SolutionProperties) = preSolution
		HideSolutionNode = FALSE
	EndGlobalSection
	GlobalSection(ExtensibilityGlobals) = postSolution
		SolutionGuid = {D485752B-AE00-4046-9CE2-01CA83FE52E9}
	EndGlobalSection
EndGlobal
