
Microsoft Visual Studio Solution File, Format Version 12.00
# Visual Studio 15
VisualStudioVersion = 15.0.28010.2019
MinimumVisualStudioVersion = 10.0.40219.1
Project("{FAE04EC0-301F-11D3-BF4B-00C04F79EFBC}") = "C2DataSelfAssess2", "C2DataSelfAssess2\C2DataSelfAssess2.csproj", "{AC49A3FC-F516-41CC-B8E0-EBAF45491DAF}"
EndProject
Global
	GlobalSection(SolutionConfigurationPlatforms) = preSolution
		Debug|Any CPU = Debug|Any CPU
		Release|Any CPU = Release|Any CPU
	EndGlobalSection
	GlobalSection(ProjectConfigurationPlatforms) = postSolution
		{AC49A3FC-F516-41CC-B8E0-EBAF45491DAF}.Debug|Any CPU.ActiveCfg = Debug|Any CPU
		{AC49A3FC-F516-41CC-B8E0-EBAF45491DAF}.Debug|Any CPU.Build.0 = Debug|Any CPU
		{AC49A3FC-F516-41CC-B8E0-EBAF45491DAF}.Release|Any CPU.ActiveCfg = Release|Any CPU
		{AC49A3FC-F516-41CC-B8E0-EBAF45491DAF}.Release|Any CPU.Build.0 = Release|Any CPU
	EndGlobalSection
	GlobalSection(SolutionProperties) = preSolution
		HideSolutionNode = FALSE
	EndGlobalSection
	GlobalSection(ExtensibilityGlobals) = postSolution
		SolutionGuid = {BB7F9060-CDF5-4B4A-86BB-84CF088AEE97}
	EndGlobalSection
EndGlobal
