
Microsoft Visual Studio Solution File, Format Version 12.00
# Visual Studio 15
VisualStudioVersion = 15.0.28010.2019
MinimumVisualStudioVersion = 10.0.40219.1
Project("{FAE04EC0-301F-11D3-BF4B-00C04F79EFBC}") = "C2DataEx2", "C2DataEx2\C2DataEx2.csproj", "{8779C4D6-24C3-4D91-B548-11A4A8A2A593}"
EndProject
Global
	GlobalSection(SolutionConfigurationPlatforms) = preSolution
		Debug|Any CPU = Debug|Any CPU
		Release|Any CPU = Release|Any CPU
	EndGlobalSection
	GlobalSection(ProjectConfigurationPlatforms) = postSolution
		{8779C4D6-24C3-4D91-B548-11A4A8A2A593}.Debug|Any CPU.ActiveCfg = Debug|Any CPU
		{8779C4D6-24C3-4D91-B548-11A4A8A2A593}.Debug|Any CPU.Build.0 = Debug|Any CPU
		{8779C4D6-24C3-4D91-B548-11A4A8A2A593}.Release|Any CPU.ActiveCfg = Release|Any CPU
		{8779C4D6-24C3-4D91-B548-11A4A8A2A593}.Release|Any CPU.Build.0 = Release|Any CPU
	EndGlobalSection
	GlobalSection(SolutionProperties) = preSolution
		HideSolutionNode = FALSE
	EndGlobalSection
	GlobalSection(ExtensibilityGlobals) = postSolution
		SolutionGuid = {CC833775-921A-4E73-8BD5-E4B53688D30E}
	EndGlobalSection
EndGlobal
